<?xml version="1.0" encoding="UTF-8"?>
<CONFIG>
  <ProjectOptions>
    <Version Value="12"/>
    <General>
      <SessionStorage Value="InProjectDir"/>
      <Title Value="Ace&apos;s Utilities"/>
      <Scaled Value="True"/>
      <ResourceType Value="res"/>
      <UseXPManifest Value="True"/>
      <XPManifest>
        <DpiAware Value="True/PM"/>
      </XPManifest>
    </General>
    <VersionInfo>
      <UseVersionInfo Value="True"/>
      <AutoIncrementBuild Value="True"/>
      <MajorVersionNr Value="1"/>
      <MinorVersionNr Value="3"/>
      <RevisionNr Value="2"/>
      <BuildNr Value="29"/>
      <StringTable CompanyName="Twilight Surfers Development" FileDescription="Ace&apos;s Utilities - Real Windows Search, Explorer, Notepad, &amp; Shell Tools" InternalName="AceUtils" LegalCopyright="Copyright (c) 2026 Twilight Surfers Development. MIT License." OriginalFilename="AceUtils.exe" ProductName="Ace&apos;s Utilities" ProductVersion="1.3.2"/>
    </VersionInfo>
    <BuildModes>
      <Item Name="Default" Default="True"/>
    </BuildModes>
    <PublishOptions>
      <Version Value="2"/>
      <UseFileFilters Value="True"/>
    </PublishOptions>
    <RunParams>
      <FormatVersion Value="2"/>
    </RunParams>
    <RequiredPackages>
      <Item>
        <PackageName Value="SynEdit"/>
      </Item>
      <Item>
        <PackageName Value="LCL"/>
      </Item>
    </RequiredPackages>
    <Units>
      <Unit>
        <Filename Value="AceUtils.lpr"/>
        <IsPartOfProject Value="True"/>
      </Unit>
      <Unit>
        <Filename Value="MainForm.pas"/>
        <IsPartOfProject Value="True"/>
        <ComponentName Value="frmMain"/>
        <HasResources Value="True"/>
        <ResourceBaseClass Value="Form"/>
      </Unit>
      <Unit>
        <Filename Value="PreviewForm.pas"/>
        <IsPartOfProject Value="True"/>
        <ComponentName Value="frmPreview"/>
        <HasResources Value="True"/>
        <ResourceBaseClass Value="Form"/>
      </Unit>
      <Unit>
        <Filename Value="SynHighlighterMarkdown.pas"/>
        <IsPartOfProject Value="True"/>
      </Unit>
    </Units>
  </ProjectOptions>
  <CompilerOptions>
    <Version Value="11"/>
    <Target>
      <Filename Value="AceUtils"/>
    </Target>
    <SearchPaths>
      <IncludeFiles Value="$(ProjOutDir)"/>
      <UnitOutputDirectory Value="lib/$(TargetCPU)-$(TargetOS)"/>
    </SearchPaths>
    <CodeGeneration>
      <Optimizations>
        <OptimizationLevel Value="2"/>
      </Optimizations>
    </CodeGeneration>
    <Linking>
      <Debugging>
        <GenerateDebugInfo Value="False"/>
      </Debugging>
      <Options>
        <Win32>
          <GraphicApplication Value="True"/>
        </Win32>
      </Options>
    </Linking>
  </CompilerOptions>
</CONFIG>
